// !$*UTF8*$!
{
	archiveVersion = 1;
	classes = {
	};
	objectVersion = 55;
	objects = {

/* Begin PBXBuildFile section */
		3A064E8928AEFB7C0072821C /* AppDelegate.swift in Sources */ = {isa = PBXBuildFile; fileRef = 3A064E8828AEFB7C0072821C /* AppDelegate.swift */; };
		3A064E8B28AEFB7C0072821C /* SceneDelegate.swift in Sources */ = {isa = PBXBuildFile; fileRef = 3A064E8A28AEFB7C0072821C /* SceneDelegate.swift */; };
		3A064E8D28AEFB7C0072821C /* ViewController.swift in Sources */ = {isa = PBXBuildFile; fileRef = 3A064E8C28AEFB7C0072821C /* ViewController.swift */; };
		3A064E9028AEFB7C0072821C /* Main.storyboard in Resources */ = {isa = PBXBuildFile; fileRef = 3A064E8E28AEFB7C0072821C /* Main.storyboard */; };
		3A064E9228AEFB7D0072821C /* Assets.xcassets in Resources */ = {isa = PBXBuildFile; fileRef = 3A064E9128AEFB7D0072821C /* Assets.xcassets */; };
		3A064E9528AEFB7D0072821C /* LaunchScreen.storyboard in Resources */ = {isa = PBXBuildFile; fileRef = 3A064E9328AEFB7D0072821C /* LaunchScreen.storyboard */; };
		3A064EA328AF17B30072821C /* Inspiration-Regular.ttf in Resources */ = {isa = PBXBuildFile; fileRef = 3A064EA228AF17B30072821C /* Inspiration-Regular.ttf */; };
		3A064EA528AF187B0072821C /* HomemadeApple-Regular.ttf in Resources */ = {isa = PBXBuildFile; fileRef = 3A064EA428AF187B0072821C /* HomemadeApple-Regular.ttf */; };
/* End PBXBuildFile section */

/* Begin PBXFileReference section */
		3A064E8528AEFB7C0072821C /* AppDesign.app */ = {isa = PBXFileReference; explicitFileType = wrapper.application; includeInIndex = 0; path = AppDesign.app; sourceTree = BUILT_PRODUCTS_DIR; };
		3A064E8828AEFB7C0072821C /* AppDelegate.swift */ = {isa = PBXFileReference; lastKnownFileType = sourcecode.swift; path = AppDelegate.swift; sourceTree = "<group>"; };
		3A064E8A28AEFB7C0072821C /* SceneDelegate.swift */ = {isa = PBXFileReference; lastKnownFileType = sourcecode.swift; path = SceneDelegate.swift; sourceTree = "<group>"; };
		3A064E8C28AEFB7C0072821C /* ViewController.swift */ = {isa = PBXFileReference; lastKnownFileType = sourcecode.swift; path = ViewController.swift; sourceTree = "<group>"; };
		3A064E8F28AEFB7C0072821C /* Base */ = {isa = PBXFileReference; lastKnownFileType = file.storyboard; name = Base; path = Base.lproj/Main.storyboard; sourceTree = "<group>"; };
		3A064E9128AEFB7D0072821C /* Assets.xcassets */ = {isa = PBXFileReference; lastKnownFileType = folder.assetcatalog; path = Assets.xcassets; sourceTree = "<group>"; };
		3A064E9428AEFB7D0072821C /* Base */ = {isa = PBXFileReference; lastKnownFileType = file.storyboard; name = Base; path = Base.lproj/LaunchScreen.storyboard; sourceTree = "<group>"; };
		3A064E9628AEFB7D0072821C /* Info.plist */ = {isa = PBXFileReference; lastKnownFileType = text.plist.xml; path = Info.plist; sourceTree = "<group>"; };
		3A064EA228AF17B30072821C /* Inspiration-Regular.ttf */ = {isa = PBXFileReference; lastKnownFileType = file; path = "Inspiration-Regular.ttf"; sourceTree = "<group>"; };
		3A064EA428AF187B0072821C /* HomemadeApple-Regular.ttf */ = {isa = PBXFileReference; lastKnownFileType = file; path = "HomemadeApple-Regular.ttf"; sourceTree = "<group>"; };
		3A9520F728AFE6A00071E7D1 /* tr */ = {isa = PBXFileReference; lastKnownFileType = text.plist.strings; name = tr; path = tr.lproj/Main.strings; sourceTree = "<group>"; };
		3A9520F828AFE6A00071E7D1 /* tr */ = {isa = PBXFileReference; lastKnownFileType = text.plist.strings; name = tr; path = tr.lproj/LaunchScreen.strings; sourceTree = "<group>"; };
/* End PBXFileReference section */

/* Begin PBXFrameworksBuildPhase section */
		3A064E8228AEFB7C0072821C /* Frameworks */ = {
			isa = PBXFrameworksBuildPhase;
			buildActionMask = 2147483647;
			files = (
			);
			runOnlyForDeploymentPostprocessing = 0;
		};
/* End PBXFrameworksBuildPhase section */

/* Begin PBXGroup section */
		3A064E7C28AEFB7C0072821C = {
			isa = PBXGroup;
			children = (
				3A064E8728AEFB7C0072821C /* AppDesign */,
				3A064E8628AEFB7C0072821C /* Products */,
			);
			sourceTree = "<group>";
		};
		3A064E8628AEFB7C0072821C /* Products */ = {
			isa = PBXGroup;
			children = (
				3A064E8528AEFB7C0072821C /* AppDesign.app */,
			);
			name = Products;
			sourceTree = "<group>";
		};
		3A064E8728AEFB7C0072821C /* AppDesign */ = {
			isa = PBXGroup;
			children = (
				3A064E8828AEFB7C0072821C /* AppDelegate.swift */,
				3A064E8A28AEFB7C0072821C /* SceneDelegate.swift */,
				3A064E8C28AEFB7C0072821C /* ViewController.swift */,
				3A064E8E28AEFB7C0072821C /* Main.storyboard */,
				3A064E9128AEFB7D0072821C /* Assets.xcassets */,
				3A064E9328AEFB7D0072821C /* LaunchScreen.storyboard */,
				3A064E9628AEFB7D0072821C /* Info.plist */,
				3A064E9C28AF11EF0072821C /* Fonts */,
			);
			path = AppDesign;
			sourceTree = "<group>";
		};
		3A064E9C28AF11EF0072821C /* Fonts */ = {
			isa = PBXGroup;
			children = (
				3A064EA228AF17B30072821C /* Inspiration-Regular.ttf */,
				3A064EA428AF187B0072821C /* HomemadeApple-Regular.ttf */,
			);
			path = Fonts;
			sourceTree = "<group>";
		};
/* End PBXGroup section */

/* Begin PBXNativeTarget section */
		3A064E8428AEFB7C0072821C /* AppDesign */ = {
			isa = PBXNativeTarget;
			buildConfigurationList = 3A064E9928AEFB7D0072821C /* Build configuration list for PBXNativeTarget "AppDesign" */;
			buildPhases = (
				3A064E8128AEFB7C0072821C /* Sources */,
				3A064E8228AEFB7C0072821C /* Frameworks */,
				3A064E8328AEFB7C0072821C /* Resources */,
			);
			buildRules = (
			);
			dependencies = (
			);
			name = AppDesign;
			productName = AppDesign;
			productReference = 3A064E8528AEFB7C0072821C /* AppDesign.app */;
			productType = "com.apple.product-type.application";
		};
/* End PBXNativeTarget section */

/* Begin PBXProject section */
		3A064E7D28AEFB7C0072821C /* Project object */ = {
			isa = PBXProject;
			attributes = {
				BuildIndependentTargetsInParallel = 1;
				LastSwiftUpdateCheck = 1320;
				LastUpgradeCheck = 1320;
				TargetAttributes = {
					3A064E8428AEFB7C0072821C = {
						CreatedOnToolsVersion = 13.2.1;
					};
				};
			};
			buildConfigurationList = 3A064E8028AEFB7C0072821C /* Build configuration list for PBXProject "AppDesign" */;
			compatibilityVersion = "Xcode 13.0";
			developmentRegion = en;
			hasScannedForEncodings = 0;
			knownRegions = (
				en,
				Base,
				tr,
			);
			mainGroup = 3A064E7C28AEFB7C0072821C;
			productRefGroup = 3A064E8628AEFB7C0072821C /* Products */;
			projectDirPath = "";
			projectRoot = "";
			targets = (
				3A064E8428AEFB7C0072821C /* AppDesign */,
			);
		};
/* End PBXProject section */

/* Begin PBXResourcesBuildPhase section */
		3A064E8328AEFB7C0072821C /* Resources */ = {
			isa = PBXResourcesBuildPhase;
			buildActionMask = 2147483647;
			files = (
				3A064E9528AEFB7D0072821C /* LaunchScreen.storyboard in Resources */,
				3A064E9228AEFB7D0072821C /* Assets.xcassets in Resources */,
				3A064EA328AF17B30072821C /* Inspiration-Regular.ttf in Resources */,
				3A064EA528AF187B0072821C /* HomemadeApple-Regular.ttf in Resources */,
				3A064E9028AEFB7C0072821C /* Main.storyboard in Resources */,
			);
			runOnlyForDeploymentPostprocessing = 0;
		};
/* End PBXResourcesBuildPhase section */

/* Begin PBXSourcesBuildPhase section */
		3A064E8128AEFB7C0072821C /* Sources */ = {
			isa = PBXSourcesBuildPhase;
			buildActionMask = 2147483647;
			files = (
				3A064E8D28AEFB7C0072821C /* ViewController.swift in Sources */,
				3A064E8928AEFB7C0072821C /* AppDelegate.swift in Sources */,
				3A064E8B28AEFB7C0072821C /* SceneDelegate.swift in Sources */,
			);
			runOnlyForDeploymentPostprocessing = 0;
		};
/* End PBXSourcesBuildPhase section */

/* Begin PBXVariantGroup section */
		3A064E8E28AEFB7C0072821C /* Main.storyboard */ = {
			isa = PBXVariantGroup;
			children = (
				3A064E8F28AEFB7C0072821C /* Base */,
				3A9520F728AFE6A00071E7D1 /* tr */,
			);
			name = Main.storyboard;
			sourceTree = "<group>";
		};
		3A064E9328AEFB7D0072821C /* LaunchScreen.storyboard */ = {
			isa = PBXVariantGroup;
			children = (
				3A064E9428AEFB7D0072821C /* Base */,
				3A9520F828AFE6A00071E7D1 /* tr */,
			);
			name = LaunchScreen.storyboard;
			sourceTree = "<group>";
		};
/* End PBXVariantGroup section */

/* Begin XCBuildConfiguration section */
		3A064E9728AEFB7D0072821C /* Debug */ = {
			isa = XCBuildConfiguration;
			buildSettings = {
				ALWAYS_SEARCH_USER_PATHS = NO;
				CLANG_ANALYZER_LOCALIZABILITY_NONLOCALIZED = YES;
				CLANG_ANALYZER_NONNULL = YES;
				CLANG_ANALYZER_NUMBER_OBJECT_CONVERSION = YES_AGGRESSIVE;
				CLANG_CXX_LANGUAGE_STANDARD = "gnu++17";
				CLANG_CXX_LIBRARY = "libc++";
				CLANG_ENABLE_MODULES = YES;
				CLANG_ENABLE_OBJC_ARC = YES;
				CLANG_ENABLE_OBJC_WEAK = YES;
				CLANG_WARN_BLOCK_CAPTURE_AUTORELEASING = YES;
				CLANG_WARN_BOOL_CONVERSION = YES;
				CLANG_WARN_COMMA = YES;
				CLANG_WARN_CONSTANT_CONVERSION = YES;
				CLANG_WARN_DEPRECATED_OBJC_IMPLEMENTATIONS = YES;
				CLANG_WARN_DIRECT_OBJC_ISA_USAGE = YES_ERROR;
				CLANG_WARN_DOCUMENTATION_COMMENTS = YES;
				CLANG_WARN_EMPTY_BODY = YES;
				CLANG_WARN_ENUM_CONVERSION = YES;
				CLANG_WARN_INFINITE_RECURSION = YES;
				CLANG_WARN_INT_CONVERSION = YES;
				CLANG_WARN_NON_LITERAL_NULL_CONVERSION = YES;
				CLANG_WARN_OBJC_IMPLICIT_RETAIN_SELF = YES;
				CLANG_WARN_OBJC_LITERAL_CONVERSION = YES;
				CLANG_WARN_OBJC_ROOT_CLASS = YES_ERROR;
				CLANG_WARN_QUOTED_INCLUDE_IN_FRAMEWORK_HEADER = YES;
				CLANG_WARN_RANGE_LOOP_ANALYSIS = YES;
				CLANG_WARN_STRICT_PROTOTYPES = YES;
				CLANG_WARN_SUSPICIOUS_MOVE = YES;
				CLANG_WARN_UNGUARDED_AVAILABILITY = YES_AGGRESSIVE;
				CLANG_WARN_UNREACHABLE_CODE = YES;
				CLANG_WARN__DUPLICATE_METHOD_MATCH = YES;
				COPY_PHASE_STRIP = NO;
				DEBUG_INFORMATION_FORMAT = dwarf;
				ENABLE_STRICT_OBJC_MSGSEND = YES;
				ENABLE_TESTABILITY = YES;
				GCC_C_LANGUAGE_STANDARD = gnu11;
				GCC_DYNAMIC_NO_PIC = NO;
				GCC_NO_COMMON_BLOCKS = YES;
				GCC_OPTIMIZATION_LEVEL = 0;
				GCC_PREPROCESSOR_DEFINITIONS = (
					"DEBUG=1",
					"$(inherited)",
				);
				GCC_WARN_64_TO_32_BIT_CONVERSION = YES;
				GCC_WARN_ABOUT_RETURN_TYPE = YES_ERROR;
				GCC_WARN_UNDECLARED_SELECTOR = YES;
				GCC_WARN_UNINITIALIZED_AUTOS = YES_AGGRESSIVE;
				GCC_WARN_UNUSED_FUNCTION = YES;
				GCC_WARN_UNUSED_VARIABLE = YES;
				IPHONEOS_DEPLOYMENT_TARGET = 15.2;
				MTL_ENABLE_DEBUG_INFO = INCLUDE_SOURCE;
				MTL_FAST_MATH = YES;
				ONLY_ACTIVE_ARCH = YES;
				SDKROOT = iphoneos;
				SWIFT_ACTIVE_COMPILATION_CONDITIONS = DEBUG;
				SWIFT_OPTIMIZATION_LEVEL = "-Onone";
			};
			name = Debug;
		};
		3A064E9828AEFB7D0072821C /* Release */ = {
			isa = XCBuildConfiguration;
			buildSettings = {
				ALWAYS_SEARCH_USER_PATHS = NO;
				CLANG_ANALYZER_LOCALIZABILITY_NONLOCALIZED = YES;
				CLANG_ANALYZER_NONNULL = YES;
				CLANG_ANALYZER_NUMBER_OBJECT_CONVERSION = YES_AGGRESSIVE;
				CLANG_CXX_LANGUAGE_STANDARD = "gnu++17";
				CLANG_CXX_LIBRARY = "libc++";
				CLANG_ENABLE_MODULES = YES;
				CLANG_ENABLE_OBJC_ARC = YES;
				CLANG_ENABLE_OBJC_WEAK = YES;
				CLANG_WARN_BLOCK_CAPTURE_AUTORELEASING = YES;
				CLANG_WARN_BOOL_CONVERSION = YES;
				CLANG_WARN_COMMA = YES;
				CLANG_WARN_CONSTANT_CONVERSION = YES;
				CLANG_WARN_DEPRECATED_OBJC_IMPLEMENTATIONS = YES;
				CLANG_WARN_DIRECT_OBJC_ISA_USAGE = YES_ERROR;
				CLANG_WARN_DOCUMENTATION_COMMENTS = YES;
				CLANG_WARN_EMPTY_BODY = YES;
				CLANG_WARN_ENUM_CONVERSION = YES;
				CLANG_WARN_INFINITE_RECURSION = YES;
				CLANG_WARN_INT_CONVERSION = YES;
				CLANG_WARN_NON_LITERAL_NULL_CONVERSION = YES;
				CLANG_WARN_OBJC_IMPLICIT_RETAIN_SELF = YES;
				CLANG_WARN_OBJC_LITERAL_CONVERSION = YES;
				CLANG_WARN_OBJC_ROOT_CLASS = YES_ERROR;
				CLANG_WARN_QUOTED_INCLUDE_IN_FRAMEWORK_HEADER = YES;
				CLANG_WARN_RANGE_LOOP_ANALYSIS = YES;
				CLANG_WARN_STRICT_PROTOTYPES = YES;
				CLANG_WARN_SUSPICIOUS_MOVE = YES;
				CLANG_WARN_UNGUARDED_AVAILABILITY = YES_AGGRESSIVE;
				CLANG_WARN_UNREACHABLE_CODE = YES;
				CLANG_WARN__DUPLICATE_METHOD_MATCH = YES;
				COPY_PHASE_STRIP = NO;
				DEBUG_INFORMATION_FORMAT = "dwarf-with-dsym";
				ENABLE_NS_ASSERTIONS = NO;
				ENABLE_STRICT_OBJC_MSGSEND = YES;
				GCC_C_LANGUAGE_STANDARD = gnu11;
				GCC_NO_COMMON_BLOCKS = YES;
				GCC_WARN_64_TO_32_BIT_CONVERSION = YES;
				GCC_WARN_ABOUT_RETURN_TYPE = YES_ERROR;
				GCC_WARN_UNDECLARED_SELECTOR = YES;
				GCC_WARN_UNINITIALIZED_AUTOS = YES_AGGRESSIVE;
				GCC_WARN_UNUSED_FUNCTION = YES;
				GCC_WARN_UNUSED_VARIABLE = YES;
				IPHONEOS_DEPLOYMENT_TARGET = 15.2;
				MTL_ENABLE_DEBUG_INFO = NO;
				MTL_FAST_MATH = YES;
				SDKROOT = iphoneos;
				SWIFT_COMPILATION_MODE = wholemodule;
				SWIFT_OPTIMIZATION_LEVEL = "-O";
				VALIDATE_PRODUCT = YES;
			};
			name = Release;
		};
		3A064E9A28AEFB7D0072821C /* Debug */ = {
			isa = XCBuildConfiguration;
			buildSettings = {
				ASSETCATALOG_COMPILER_APPICON_NAME = AppIcon;
				ASSETCATALOG_COMPILER_GLOBAL_ACCENT_COLOR_NAME = AccentColor;
				CODE_SIGN_STYLE = Automatic;
				CURRENT_PROJECT_VERSION = 1;
				DEVELOPMENT_TEAM = SC3JSQP8FB;
				GENERATE_INFOPLIST_FILE = YES;
				INFOPLIST_FILE = AppDesign/Info.plist;
				INFOPLIST_KEY_UIApplicationSupportsIndirectInputEvents = YES;
				INFOPLIST_KEY_UILaunchStoryboardName = LaunchScreen;
				INFOPLIST_KEY_UIMainStoryboardFile = Main;
				INFOPLIST_KEY_UISupportedInterfaceOrientations_iPad = "UIInterfaceOrientationPortrait UIInterfaceOrientationPortraitUpsideDown UIInterfaceOrientationLandscapeLeft UIInterfaceOrientationLandscapeRight";
				INFOPLIST_KEY_UISupportedInterfaceOrientations_iPhone = "UIInterfaceOrientationPortrait UIInterfaceOrientationLandscapeLeft UIInterfaceOrientationLandscapeRight";
				IPHONEOS_DEPLOYMENT_TARGET = 14.0;
				LD_RUNPATH_SEARCH_PATHS = (
					"$(inherited)",
					"@executable_path/Frameworks",
				);
				MARKETING_VERSION = 1.0;
				PRODUCT_BUNDLE_IDENTIFIER = com.emrecetin.AppDesign;
				PRODUCT_NAME = "$(TARGET_NAME)";
				SWIFT_EMIT_LOC_STRINGS = YES;
				SWIFT_VERSION = 5.0;
				TARGETED_DEVICE_FAMILY = 1;
			};
			name = Debug;
		};
		3A064E9B28AEFB7D0072821C /* Release */ = {
			isa = XCBuildConfiguration;
			buildSettings = {
				ASSETCATALOG_COMPILER_APPICON_NAME = AppIcon;
				ASSETCATALOG_COMPILER_GLOBAL_ACCENT_COLOR_NAME = AccentColor;
				CODE_SIGN_STYLE = Automatic;
				CURRENT_PROJECT_VERSION = 1;
				DEVELOPMENT_TEAM = SC3JSQP8FB;
				GENERATE_INFOPLIST_FILE = YES;
				INFOPLIST_FILE = AppDesign/Info.plist;
				INFOPLIST_KEY_UIApplicationSupportsIndirectInputEvents = YES;
				INFOPLIST_KEY_UILaunchStoryboardName = LaunchScreen;
				INFOPLIST_KEY_UIMainStoryboardFile = Main;
				INFOPLIST_KEY_UISupportedInterfaceOrientations_iPad = "UIInterfaceOrientationPortrait UIInterfaceOrientationPortraitUpsideDown UIInterfaceOrientationLandscapeLeft UIInterfaceOrientationLandscapeRight";
				INFOPLIST_KEY_UISupportedInterfaceOrientations_iPhone = "UIInterfaceOrientationPortrait UIInterfaceOrientationLandscapeLeft UIInterfaceOrientationLandscapeRight";
				IPHONEOS_DEPLOYMENT_TARGET = 14.0;
				LD_RUNPATH_SEARCH_PATHS = (
					"$(inherited)",
					"@executable_path/Frameworks",
				);
				MARKETING_VERSION = 1.0;
				PRODUCT_BUNDLE_IDENTIFIER = com.emrecetin.AppDesign;
				PRODUCT_NAME = "$(TARGET_NAME)";
				SWIFT_EMIT_LOC_STRINGS = YES;
				SWIFT_VERSION = 5.0;
				TARGETED_DEVICE_FAMILY = 1;
			};
			name = Release;
		};
/* End XCBuildConfiguration section */

/* Begin XCConfigurationList section */
		3A064E8028AEFB7C0072821C /* Build configuration list for PBXProject "AppDesign" */ = {
			isa = XCConfigurationList;
			buildConfigurations = (
				3A064E9728AEFB7D0072821C /* Debug */,
				3A064E9828AEFB7D0072821C /* Release */,
			);
			defaultConfigurationIsVisible = 0;
			defaultConfigurationName = Release;
		};
		3A064E9928AEFB7D0072821C /* Build configuration list for PBXNativeTarget "AppDesign" */ = {
			isa = XCConfigurationList;
			buildConfigurations = (
				3A064E9A28AEFB7D0072821C /* Debug */,
				3A064E9B28AEFB7D0072821C /* Release */,
			);
			defaultConfigurationIsVisible = 0;
			defaultConfigurationName = Release;
		};
/* End XCConfigurationList section */
	};
	rootObject = 3A064E7D28AEFB7C0072821C /* Project object */;
}
